
Microsoft Visual Studio Solution File, Format Version 12.00
# Visual Studio Version 17
VisualStudioVersion = 17.9.34607.119
MinimumVisualStudioVersion = 10.0.40219.1
Project("{FAE04EC0-301F-11D3-BF4B-00C04F79EFBC}") = "RunningApp", "RunningApp\RunningApp.csproj", "{929A968E-72E9-4B83-B53E-085E40838084}"
EndProject
Project("{FAE04EC0-301F-11D3-BF4B-00C04F79EFBC}") = "RunningAppCore", "RunningAppCore\RunningAppCore.csproj", "{2DFCD097-978A-4F1B-8322-FF157449972A}"
EndProject
Global
	GlobalSection(SolutionConfigurationPlatforms) = preSolution
		Debug|Any CPU = Debug|Any CPU
		Release|Any CPU = Release|Any CPU
	EndGlobalSection
	GlobalSection(ProjectConfigurationPlatforms) = postSolution
		{929A968E-72E9-4B83-B53E-085E40838084}.Debug|Any CPU.ActiveCfg = Debug|Any CPU
		{929A968E-72E9-4B83-B53E-085E40838084}.Debug|Any CPU.Build.0 = Debug|Any CPU
		{929A968E-72E9-4B83-B53E-085E40838084}.Release|Any CPU.ActiveCfg = Release|Any CPU
		{929A968E-72E9-4B83-B53E-085E40838084}.Release|Any CPU.Build.0 = Release|Any CPU
		{2DFCD097-978A-4F1B-8322-FF157449972A}.Debug|Any CPU.ActiveCfg = Debug|Any CPU
		{2DFCD097-978A-4F1B-8322-FF157449972A}.Debug|Any CPU.Build.0 = Debug|Any CPU
		{2DFCD097-978A-4F1B-8322-FF157449972A}.Release|Any CPU.ActiveCfg = Release|Any CPU
		{2DFCD097-978A-4F1B-8322-FF157449972A}.Release|Any CPU.Build.0 = Release|Any CPU
	EndGlobalSection
	GlobalSection(SolutionProperties) = preSolution
		HideSolutionNode = FALSE
	EndGlobalSection
	GlobalSection(ExtensibilityGlobals) = postSolution
		SolutionGuid = {853F2D09-D805-45D2-8407-02574435BDFC}
	EndGlobalSection
EndGlobal
